// !$*UTF8*$!
{
	archiveVersion = 1;
	classes = {
	};
	objectVersion = 46;
	objects = {

/* Begin PBXBuildFile section */
		3E902DB91B6C64E900647AC4 /* AppDelegate.swift in Sources */ = {isa = PBXBuildFile; fileRef = 3E902DB81B6C64E900647AC4 /* AppDelegate.swift */; };
		3E902DBB1B6C64E900647AC4 /* ViewController.swift in Sources */ = {isa = PBXBuildFile; fileRef = 3E902DBA1B6C64E900647AC4 /* ViewController.swift */; };
		3E902DBE1B6C64E900647AC4 /* Main.storyboard in Resources */ = {isa = PBXBuildFile; fileRef = 3E902DBC1B6C64E900647AC4 /* Main.storyboard */; };
		3E902DC01B6C64E900647AC4 /* Images.xcassets in Resources */ = {isa = PBXBuildFile; fileRef = 3E902DBF1B6C64E900647AC4 /* Images.xcassets */; };
		3E902DC31B6C64E900647AC4 /* LaunchScreen.xib in Resources */ = {isa = PBXBuildFile; fileRef = 3E902DC11B6C64E900647AC4 /* LaunchScreen.xib */; };
		3E902DCF1B6C64EA00647AC4 /* DBFMTests.swift in Sources */ = {isa = PBXBuildFile; fileRef = 3E902DCE1B6C64EA00647AC4 /* DBFMTests.swift */; };
/* End PBXBuildFile section */

/* Begin PBXContainerItemProxy section */
		3E902DC91B6C64EA00647AC4 /* PBXContainerItemProxy */ = {
			isa = PBXContainerItemProxy;
			containerPortal = 3E902DAB1B6C64E900647AC4 /* Project object */;
			proxyType = 1;
			remoteGlobalIDString = 3E902DB21B6C64E900647AC4;
			remoteInfo = DBFM;
		};
/* End PBXContainerItemProxy section */

/* Begin PBXFileReference section */
		3E902DB31B6C64E900647AC4 /* DBFM.app */ = {isa = PBXFileReference; explicitFileType = wrapper.application; includeInIndex = 0; path = DBFM.app; sourceTree = BUILT_PRODUCTS_DIR; };
		3E902DB71B6C64E900647AC4 /* Info.plist */ = {isa = PBXFileReference; lastKnownFileType = text.plist.xml; path = Info.plist; sourceTree = "<group>"; };
		3E902DB81B6C64E900647AC4 /* AppDelegate.swift */ = {isa = PBXFileReference; lastKnownFileType = sourcecode.swift; path = AppDelegate.swift; sourceTree = "<group>"; };
		3E902DBA1B6C64E900647AC4 /* ViewController.swift */ = {isa = PBXFileReference; lastKnownFileType = sourcecode.swift; path = ViewController.swift; sourceTree = "<group>"; };
		3E902DBD1B6C64E900647AC4 /* Base */ = {isa = PBXFileReference; lastKnownFileType = file.storyboard; name = Base; path = Base.lproj/Main.storyboard; sourceTree = "<group>"; };
		3E902DBF1B6C64E900647AC4 /* Images.xcassets */ = {isa = PBXFileReference; lastKnownFileType = folder.assetcatalog; path = Images.xcassets; sourceTree = "<group>"; };
		3E902DC21B6C64E900647AC4 /* Base */ = {isa = PBXFileReference; lastKnownFileType = file.xib; name = Base; path = Base.lproj/LaunchScreen.xib; sourceTree = "<group>"; };
		3E902DC81B6C64EA00647AC4 /* DBFMTests.xctest */ = {isa = PBXFileReference; explicitFileType = wrapper.cfbundle; includeInIndex = 0; path = DBFMTests.xctest; sourceTree = BUILT_PRODUCTS_DIR; };
		3E902DCD1B6C64EA00647AC4 /* Info.plist */ = {isa = PBXFileReference; lastKnownFileType = text.plist.xml; path = Info.plist; sourceTree = "<group>"; };
		3E902DCE1B6C64EA00647AC4 /* DBFMTests.swift */ = {isa = PBXFileReference; lastKnownFileType = sourcecode.swift; path = DBFMTests.swift; sourceTree = "<group>"; };
/* End PBXFileReference section */

/* Begin PBXFrameworksBuildPhase section */
		3E902DB01B6C64E900647AC4 /* Frameworks */ = {
			isa = PBXFrameworksBuildPhase;
			buildActionMask = 2147483647;
			files = (
			);
			runOnlyForDeploymentPostprocessing = 0;
		};
		3E902DC51B6C64EA00647AC4 /* Frameworks */ = {
			isa = PBXFrameworksBuildPhase;
			buildActionMask = 2147483647;
			files = (
			);
			runOnlyForDeploymentPostprocessing = 0;
		};
/* End PBXFrameworksBuildPhase section */

/* Begin PBXGroup section */
		3E902DAA1B6C64E900647AC4 = {
			isa = PBXGroup;
			children = (
				3E902DB51B6C64E900647AC4 /* DBFM */,
				3E902DCB1B6C64EA00647AC4 /* DBFMTests */,
				3E902DB41B6C64E900647AC4 /* Products */,
			);
			sourceTree = "<group>";
		};
		3E902DB41B6C64E900647AC4 /* Products */ = {
			isa = PBXGroup;
			children = (
				3E902DB31B6C64E900647AC4 /* DBFM.app */,
				3E902DC81B6C64EA00647AC4 /* DBFMTests.xctest */,
			);
			name = Products;
			sourceTree = "<group>";
		};
		3E902DB51B6C64E900647AC4 /* DBFM */ = {
			isa = PBXGroup;
			children = (
				3E902DB81B6C64E900647AC4 /* AppDelegate.swift */,
				3E902DBA1B6C64E900647AC4 /* ViewController.swift */,
				3E902DBC1B6C64E900647AC4 /* Main.storyboard */,
				3E902DBF1B6C64E900647AC4 /* Images.xcassets */,
				3E902DC11B6C64E900647AC4 /* LaunchScreen.xib */,
				3E902DB61B6C64E900647AC4 /* Supporting Files */,
			);
			path = DBFM;
			sourceTree = "<group>";
		};
		3E902DB61B6C64E900647AC4 /* Supporting Files */ = {
			isa = PBXGroup;
			children = (
				3E902DB71B6C64E900647AC4 /* Info.plist */,
			);
			name = "Supporting Files";
			sourceTree = "<group>";
		};
		3E902DCB1B6C64EA00647AC4 /* DBFMTests */ = {
			isa = PBXGroup;
			children = (
				3E902DCE1B6C64EA00647AC4 /* DBFMTests.swift */,
				3E902DCC1B6C64EA00647AC4 /* Supporting Files */,
			);
			path = DBFMTests;
			sourceTree = "<group>";
		};
		3E902DCC1B6C64EA00647AC4 /* Supporting Files */ = {
			isa = PBXGroup;
			children = (
				3E902DCD1B6C64EA00647AC4 /* Info.plist */,
			);
			name = "Supporting Files";
			sourceTree = "<group>";
		};
/* End PBXGroup section */

/* Begin PBXNativeTarget section */
		3E902DB21B6C64E900647AC4 /* DBFM */ = {
			isa = PBXNativeTarget;
			buildConfigurationList = 3E902DD21B6C64EA00647AC4 /* Build configuration list for PBXNativeTarget "DBFM" */;
			buildPhases = (
				3E902DAF1B6C64E900647AC4 /* Sources */,
				3E902DB01B6C64E900647AC4 /* Frameworks */,
				3E902DB11B6C64E900647AC4 /* Resources */,
			);
			buildRules = (
			);
			dependencies = (
			);
			name = DBFM;
			productName = DBFM;
			productReference = 3E902DB31B6C64E900647AC4 /* DBFM.app */;
			productType = "com.apple.product-type.application";
		};
		3E902DC71B6C64EA00647AC4 /* DBFMTests */ = {
			isa = PBXNativeTarget;
			buildConfigurationList = 3E902DD51B6C64EA00647AC4 /* Build configuration list for PBXNativeTarget "DBFMTests" */;
			buildPhases = (
				3E902DC41B6C64EA00647AC4 /* Sources */,
				3E902DC51B6C64EA00647AC4 /* Frameworks */,
				3E902DC61B6C64EA00647AC4 /* Resources */,
			);
			buildRules = (
			);
			dependencies = (
				3E902DCA1B6C64EA00647AC4 /* PBXTargetDependency */,
			);
			name = DBFMTests;
			productName = DBFMTests;
			productReference = 3E902DC81B6C64EA00647AC4 /* DBFMTests.xctest */;
			productType = "com.apple.product-type.bundle.unit-test";
		};
/* End PBXNativeTarget section */

/* Begin PBXProject section */
		3E902DAB1B6C64E900647AC4 /* Project object */ = {
			isa = PBXProject;
			attributes = {
				LastUpgradeCheck = 0640;
				ORGANIZATIONNAME = lunarboat;
				TargetAttributes = {
					3E902DB21B6C64E900647AC4 = {
						CreatedOnToolsVersion = 6.4;
					};
					3E902DC71B6C64EA00647AC4 = {
						CreatedOnToolsVersion = 6.4;
						TestTargetID = 3E902DB21B6C64E900647AC4;
					};
				};
			};
			buildConfigurationList = 3E902DAE1B6C64E900647AC4 /* Build configuration list for PBXProject "DBFM" */;
			compatibilityVersion = "Xcode 3.2";
			developmentRegion = English;
			hasScannedForEncodings = 0;
			knownRegions = (
				en,
				Base,
			);
			mainGroup = 3E902DAA1B6C64E900647AC4;
			productRefGroup = 3E902DB41B6C64E900647AC4 /* Products */;
			projectDirPath = "";
			projectRoot = "";
			targets = (
				3E902DB21B6C64E900647AC4 /* DBFM */,
				3E902DC71B6C64EA00647AC4 /* DBFMTests */,
			);
		};
/* End PBXProject section */

/* Begin PBXResourcesBuildPhase section */
		3E902DB11B6C64E900647AC4 /* Resources */ = {
			isa = PBXResourcesBuildPhase;
			buildActionMask = 2147483647;
			files = (
				3E902DBE1B6C64E900647AC4 /* Main.storyboard in Resources */,
				3E902DC31B6C64E900647AC4 /* LaunchScreen.xib in Resources */,
				3E902DC01B6C64E900647AC4 /* Images.xcassets in Resources */,
			);
			runOnlyForDeploymentPostprocessing = 0;
		};
		3E902DC61B6C64EA00647AC4 /* Resources */ = {
			isa = PBXResourcesBuildPhase;
			buildActionMask = 2147483647;
			files = (
			);
			runOnlyForDeploymentPostprocessing = 0;
		};
/* End PBXResourcesBuildPhase section */

/* Begin PBXSourcesBuildPhase section */
		3E902DAF1B6C64E900647AC4 /* Sources */ = {
			isa = PBXSourcesBuildPhase;
			buildActionMask = 2147483647;
			files = (
				3E902DBB1B6C64E900647AC4 /* ViewController.swift in Sources */,
				3E902DB91B6C64E900647AC4 /* AppDelegate.swift in Sources */,
			);
			runOnlyForDeploymentPostprocessing = 0;
		};
		3E902DC41B6C64EA00647AC4 /* Sources */ = {
			isa = PBXSourcesBuildPhase;
			buildActionMask = 2147483647;
			files = (
				3E902DCF1B6C64EA00647AC4 /* DBFMTests.swift in Sources */,
			);
			runOnlyForDeploymentPostprocessing = 0;
		};
/* End PBXSourcesBuildPhase section */

/* Begin PBXTargetDependency section */
		3E902DCA1B6C64EA00647AC4 /* PBXTargetDependency */ = {
			isa = PBXTargetDependency;
			target = 3E902DB21B6C64E900647AC4 /* DBFM */;
			targetProxy = 3E902DC91B6C64EA00647AC4 /* PBXContainerItemProxy */;
		};
/* End PBXTargetDependency section */

/* Begin PBXVariantGroup section */
		3E902DBC1B6C64E900647AC4 /* Main.storyboard */ = {
			isa = PBXVariantGroup;
			children = (
				3E902DBD1B6C64E900647AC4 /* Base */,
			);
			name = Main.storyboard;
			sourceTree = "<group>";
		};
		3E902DC11B6C64E900647AC4 /* LaunchScreen.xib */ = {
			isa = PBXVariantGroup;
			children = (
				3E902DC21B6C64E900647AC4 /* Base */,
			);
			name = LaunchScreen.xib;
			sourceTree = "<group>";
		};
/* End PBXVariantGroup section */

/* Begin XCBuildConfiguration section */
		3E902DD01B6C64EA00647AC4 /* Debug */ = {
			isa = XCBuildConfiguration;
			buildSettings = {
				ALWAYS_SEARCH_USER_PATHS = NO;
				CLANG_CXX_LANGUAGE_STANDARD = "gnu++0x";
				CLANG_CXX_LIBRARY = "libc++";
				CLANG_ENABLE_MODULES = YES;
				CLANG_ENABLE_OBJC_ARC = YES;
				CLANG_WARN_BOOL_CONVERSION = YES;
				CLANG_WARN_CONSTANT_CONVERSION = YES;
				CLANG_WARN_DIRECT_OBJC_ISA_USAGE = YES_ERROR;
				CLANG_WARN_EMPTY_BODY = YES;
				CLANG_WARN_ENUM_CONVERSION = YES;
				CLANG_WARN_INT_CONVERSION = YES;
				CLANG_WARN_OBJC_ROOT_CLASS = YES_ERROR;
				CLANG_WARN_UNREACHABLE_CODE = YES;
				CLANG_WARN__DUPLICATE_METHOD_MATCH = YES;
				"CODE_SIGN_IDENTITY[sdk=iphoneos*]" = "iPhone Developer";
				COPY_PHASE_STRIP = NO;
				DEBUG_INFORMATION_FORMAT = "dwarf-with-dsym";
				ENABLE_STRICT_OBJC_MSGSEND = YES;
				GCC_C_LANGUAGE_STANDARD = gnu99;
				GCC_DYNAMIC_NO_PIC = NO;
				GCC_NO_COMMON_BLOCKS = YES;
				GCC_OPTIMIZATION_LEVEL = 0;
				GCC_PREPROCESSOR_DEFINITIONS = (
					"DEBUG=1",
					"$(inherited)",
				);
				GCC_SYMBOLS_PRIVATE_EXTERN = NO;
				GCC_WARN_64_TO_32_BIT_CONVERSION = YES;
				GCC_WARN_ABOUT_RETURN_TYPE = YES_ERROR;
				GCC_WARN_UNDECLARED_SELECTOR = YES;
				GCC_WARN_UNINITIALIZED_AUTOS = YES_AGGRESSIVE;
				GCC_WARN_UNUSED_FUNCTION = YES;
				GCC_WARN_UNUSED_VARIABLE = YES;
				IPHONEOS_DEPLOYMENT_TARGET = 8.4;
				MTL_ENABLE_DEBUG_INFO = YES;
				ONLY_ACTIVE_ARCH = YES;
				SDKROOT = iphoneos;
				SWIFT_OPTIMIZATION_LEVEL = "-Onone";
			};
			name = Debug;
		};
		3E902DD11B6C64EA00647AC4 /* Release */ = {
			isa = XCBuildConfiguration;
			buildSettings = {
				ALWAYS_SEARCH_USER_PATHS = NO;
				CLANG_CXX_LANGUAGE_STANDARD = "gnu++0x";
				CLANG_CXX_LIBRARY = "libc++";
				CLANG_ENABLE_MODULES = YES;
				CLANG_ENABLE_OBJC_ARC = YES;
				CLANG_WARN_BOOL_CONVERSION = YES;
				CLANG_WARN_CONSTANT_CONVERSION = YES;
				CLANG_WARN_DIRECT_OBJC_ISA_USAGE = YES_ERROR;
				CLANG_WARN_EMPTY_BODY = YES;
				CLANG_WARN_ENUM_CONVERSION = YES;
				CLANG_WARN_INT_CONVERSION = YES;
				CLANG_WARN_OBJC_ROOT_CLASS = YES_ERROR;
				CLANG_WARN_UNREACHABLE_CODE = YES;
				CLANG_WARN__DUPLICATE_METHOD_MATCH = YES;
				"CODE_SIGN_IDENTITY[sdk=iphoneos*]" = "iPhone Developer";
				COPY_PHASE_STRIP = NO;
				DEBUG_INFORMATION_FORMAT = "dwarf-with-dsym";
				ENABLE_NS_ASSERTIONS = NO;
				ENABLE_STRICT_OBJC_MSGSEND = YES;
				GCC_C_LANGUAGE_STANDARD = gnu99;
				GCC_NO_COMMON_BLOCKS = YES;
				GCC_WARN_64_TO_32_BIT_CONVERSION = YES;
				GCC_WARN_ABOUT_RETURN_TYPE = YES_ERROR;
				GCC_WARN_UNDECLARED_SELECTOR = YES;
				GCC_WARN_UNINITIALIZED_AUTOS = YES_AGGRESSIVE;
				GCC_WARN_UNUSED_FUNCTION = YES;
				GCC_WARN_UNUSED_VARIABLE = YES;
				IPHONEOS_DEPLOYMENT_TARGET = 8.4;
				MTL_ENABLE_DEBUG_INFO = NO;
				SDKROOT = iphoneos;
				VALIDATE_PRODUCT = YES;
			};
			name = Release;
		};
		3E902DD31B6C64EA00647AC4 /* Debug */ = {
			isa = XCBuildConfiguration;
			buildSettings = {
				ASSETCATALOG_COMPILER_APPICON_NAME = AppIcon;
				INFOPLIST_FILE = DBFM/Info.plist;
				LD_RUNPATH_SEARCH_PATHS = "$(inherited) @executable_path/Frameworks";
				PRODUCT_NAME = "$(TARGET_NAME)";
			};
			name = Debug;
		};
		3E902DD41B6C64EA00647AC4 /* Release */ = {
			isa = XCBuildConfiguration;
			buildSettings = {
				ASSETCATALOG_COMPILER_APPICON_NAME = AppIcon;
				INFOPLIST_FILE = DBFM/Info.plist;
				LD_RUNPATH_SEARCH_PATHS = "$(inherited) @executable_path/Frameworks";
				PRODUCT_NAME = "$(TARGET_NAME)";
			};
			name = Release;
		};
		3E902DD61B6C64EA00647AC4 /* Debug */ = {
			isa = XCBuildConfiguration;
			buildSettings = {
				BUNDLE_LOADER = "$(TEST_HOST)";
				FRAMEWORK_SEARCH_PATHS = (
					"$(SDKROOT)/Developer/Library/Frameworks",
					"$(inherited)",
				);
				GCC_PREPROCESSOR_DEFINITIONS = (
					"DEBUG=1",
					"$(inherited)",
				);
				INFOPLIST_FILE = DBFMTests/Info.plist;
				LD_RUNPATH_SEARCH_PATHS = "$(inherited) @executable_path/Frameworks @loader_path/Frameworks";
				PRODUCT_NAME = "$(TARGET_NAME)";
				TEST_HOST = "$(BUILT_PRODUCTS_DIR)/DBFM.app/DBFM";
			};
			name = Debug;
		};
		3E902DD71B6C64EA00647AC4 /* Release */ = {
			isa = XCBuildConfiguration;
			buildSettings = {
				BUNDLE_LOADER = "$(TEST_HOST)";
				FRAMEWORK_SEARCH_PATHS = (
					"$(SDKROOT)/Developer/Library/Frameworks",
					"$(inherited)",
				);
				INFOPLIST_FILE = DBFMTests/Info.plist;
				LD_RUNPATH_SEARCH_PATHS = "$(inherited) @executable_path/Frameworks @loader_path/Frameworks";
				PRODUCT_NAME = "$(TARGET_NAME)";
				TEST_HOST = "$(BUILT_PRODUCTS_DIR)/DBFM.app/DBFM";
			};
			name = Release;
		};
/* End XCBuildConfiguration section */

/* Begin XCConfigurationList section */
		3E902DAE1B6C64E900647AC4 /* Build configuration list for PBXProject "DBFM" */ = {
			isa = XCConfigurationList;
			buildConfigurations = (
				3E902DD01B6C64EA00647AC4 /* Debug */,
				3E902DD11B6C64EA00647AC4 /* Release */,
			);
			defaultConfigurationIsVisible = 0;
			defaultConfigurationName = Release;
		};
		3E902DD21B6C64EA00647AC4 /* Build configuration list for PBXNativeTarget "DBFM" */ = {
			isa = XCConfigurationList;
			buildConfigurations = (
				3E902DD31B6C64EA00647AC4 /* Debug */,
				3E902DD41B6C64EA00647AC4 /* Release */,
			);
			defaultConfigurationIsVisible = 0;
		};
		3E902DD51B6C64EA00647AC4 /* Build configuration list for PBXNativeTarget "DBFMTests" */ = {
			isa = XCConfigurationList;
			buildConfigurations = (
				3E902DD61B6C64EA00647AC4 /* Debug */,
				3E902DD71B6C64EA00647AC4 /* Release */,
			);
			defaultConfigurationIsVisible = 0;
		};
/* End XCConfigurationList section */
	};
	rootObject = 3E902DAB1B6C64E900647AC4 /* Project object */;
}
